// !$*UTF8*$!
{
	archiveVersion = 1;
	classes = {
	};
	objectVersion = 56;
	objects = {

/* Begin PBXBuildFile section */
		3E9CCD0F2B911C7D00DB6610 /* swift_click_appApp.swift in Sources */ = {isa = PBXBuildFile; fileRef = 3E9CCD0E2B911C7D00DB6610 /* swift_click_appApp.swift */; };
		3E9CCD112B911C7D00DB6610 /* ContentView.swift in Sources */ = {isa = PBXBuildFile; fileRef = 3E9CCD102B911C7D00DB6610 /* ContentView.swift */; };
		3E9CCD132B911C7F00DB6610 /* Assets.xcassets in Resources */ = {isa = PBXBuildFile; fileRef = 3E9CCD122B911C7F00DB6610 /* Assets.xcassets */; };
		3E9CCD172B911C7F00DB6610 /* Preview Assets.xcassets in Resources */ = {isa = PBXBuildFile; fileRef = 3E9CCD162B911C7F00DB6610 /* Preview Assets.xcassets */; };
		3E9CCD212B911C7F00DB6610 /* swift_click_appTests.swift in Sources */ = {isa = PBXBuildFile; fileRef = 3E9CCD202B911C7F00DB6610 /* swift_click_appTests.swift */; };
		3E9CCD2B2B911C7F00DB6610 /* swift_click_appUITests.swift in Sources */ = {isa = PBXBuildFile; fileRef = 3E9CCD2A2B911C7F00DB6610 /* swift_click_appUITests.swift */; };
		3E9CCD2D2B911C7F00DB6610 /* swift_click_appUITestsLaunchTests.swift in Sources */ = {isa = PBXBuildFile; fileRef = 3E9CCD2C2B911C7F00DB6610 /* swift_click_appUITestsLaunchTests.swift */; };
/* End PBXBuildFile section */

/* Begin PBXContainerItemProxy section */
		3E9CCD1D2B911C7F00DB6610 /* PBXContainerItemProxy */ = {
			isa = PBXContainerItemProxy;
			containerPortal = 3E9CCD032B911C7D00DB6610 /* Project object */;
			proxyType = 1;
			remoteGlobalIDString = 3E9CCD0A2B911C7D00DB6610;
			remoteInfo = swift_click_app;
		};
		3E9CCD272B911C7F00DB6610 /* PBXContainerItemProxy */ = {
			isa = PBXContainerItemProxy;
			containerPortal = 3E9CCD032B911C7D00DB6610 /* Project object */;
			proxyType = 1;
			remoteGlobalIDString = 3E9CCD0A2B911C7D00DB6610;
			remoteInfo = swift_click_app;
		};
/* End PBXContainerItemProxy section */

/* Begin PBXFileReference section */
		3E9CCD0B2B911C7D00DB6610 /* swift_click_app.app */ = {isa = PBXFileReference; explicitFileType = wrapper.application; includeInIndex = 0; path = swift_click_app.app; sourceTree = BUILT_PRODUCTS_DIR; };
		3E9CCD0E2B911C7D00DB6610 /* swift_click_appApp.swift */ = {isa = PBXFileReference; lastKnownFileType = sourcecode.swift; path = swift_click_appApp.swift; sourceTree = "<group>"; };
		3E9CCD102B911C7D00DB6610 /* ContentView.swift */ = {isa = PBXFileReference; lastKnownFileType = sourcecode.swift; path = ContentView.swift; sourceTree = "<group>"; };
		3E9CCD122B911C7F00DB6610 /* Assets.xcassets */ = {isa = PBXFileReference; lastKnownFileType = folder.assetcatalog; path = Assets.xcassets; sourceTree = "<group>"; };
		3E9CCD142B911C7F00DB6610 /* swift_click_app.entitlements */ = {isa = PBXFileReference; lastKnownFileType = text.plist.entitlements; path = swift_click_app.entitlements; sourceTree = "<group>"; };
		3E9CCD162B911C7F00DB6610 /* Preview Assets.xcassets */ = {isa = PBXFileReference; lastKnownFileType = folder.assetcatalog; path = "Preview Assets.xcassets"; sourceTree = "<group>"; };
		3E9CCD1C2B911C7F00DB6610 /* swift_click_appTests.xctest */ = {isa = PBXFileReference; explicitFileType = wrapper.cfbundle; includeInIndex = 0; path = swift_click_appTests.xctest; sourceTree = BUILT_PRODUCTS_DIR; };
		3E9CCD202B911C7F00DB6610 /* swift_click_appTests.swift */ = {isa = PBXFileReference; lastKnownFileType = sourcecode.swift; path = swift_click_appTests.swift; sourceTree = "<group>"; };
		3E9CCD262B911C7F00DB6610 /* swift_click_appUITests.xctest */ = {isa = PBXFileReference; explicitFileType = wrapper.cfbundle; includeInIndex = 0; path = swift_click_appUITests.xctest; sourceTree = BUILT_PRODUCTS_DIR; };
		3E9CCD2A2B911C7F00DB6610 /* swift_click_appUITests.swift */ = {isa = PBXFileReference; lastKnownFileType = sourcecode.swift; path = swift_click_appUITests.swift; sourceTree = "<group>"; };
		3E9CCD2C2B911C7F00DB6610 /* swift_click_appUITestsLaunchTests.swift */ = {isa = PBXFileReference; lastKnownFileType = sourcecode.swift; path = swift_click_appUITestsLaunchTests.swift; sourceTree = "<group>"; };
/* End PBXFileReference section */

/* Begin PBXFrameworksBuildPhase section */
		3E9CCD082B911C7D00DB6610 /* Frameworks */ = {
			isa = PBXFrameworksBuildPhase;
			buildActionMask = 2147483647;
			files = (
			);
			runOnlyForDeploymentPostprocessing = 0;
		};
		3E9CCD192B911C7F00DB6610 /* Frameworks */ = {
			isa = PBXFrameworksBuildPhase;
			buildActionMask = 2147483647;
			files = (
			);
			runOnlyForDeploymentPostprocessing = 0;
		};
		3E9CCD232B911C7F00DB6610 /* Frameworks */ = {
			isa = PBXFrameworksBuildPhase;
			buildActionMask = 2147483647;
			files = (
			);
			runOnlyForDeploymentPostprocessing = 0;
		};
/* End PBXFrameworksBuildPhase section */

/* Begin PBXGroup section */
		3E9CCD022B911C7D00DB6610 = {
			isa = PBXGroup;
			children = (
				3E9CCD0D2B911C7D00DB6610 /* swift_click_app */,
				3E9CCD1F2B911C7F00DB6610 /* swift_click_appTests */,
				3E9CCD292B911C7F00DB6610 /* swift_click_appUITests */,
				3E9CCD0C2B911C7D00DB6610 /* Products */,
			);
			sourceTree = "<group>";
		};
		3E9CCD0C2B911C7D00DB6610 /* Products */ = {
			isa = PBXGroup;
			children = (
				3E9CCD0B2B911C7D00DB6610 /* swift_click_app.app */,
				3E9CCD1C2B911C7F00DB6610 /* swift_click_appTests.xctest */,
				3E9CCD262B911C7F00DB6610 /* swift_click_appUITests.xctest */,
			);
			name = Products;
			sourceTree = "<group>";
		};
		3E9CCD0D2B911C7D00DB6610 /* swift_click_app */ = {
			isa = PBXGroup;
			children = (
				3E9CCD0E2B911C7D00DB6610 /* swift_click_appApp.swift */,
				3E9CCD102B911C7D00DB6610 /* ContentView.swift */,
				3E9CCD122B911C7F00DB6610 /* Assets.xcassets */,
				3E9CCD142B911C7F00DB6610 /* swift_click_app.entitlements */,
				3E9CCD152B911C7F00DB6610 /* Preview Content */,
			);
			path = swift_click_app;
			sourceTree = "<group>";
		};
		3E9CCD152B911C7F00DB6610 /* Preview Content */ = {
			isa = PBXGroup;
			children = (
				3E9CCD162B911C7F00DB6610 /* Preview Assets.xcassets */,
			);
			path = "Preview Content";
			sourceTree = "<group>";
		};
		3E9CCD1F2B911C7F00DB6610 /* swift_click_appTests */ = {
			isa = PBXGroup;
			children = (
				3E9CCD202B911C7F00DB6610 /* swift_click_appTests.swift */,
			);
			path = swift_click_appTests;
			sourceTree = "<group>";
		};
		3E9CCD292B911C7F00DB6610 /* swift_click_appUITests */ = {
			isa = PBXGroup;
			children = (
				3E9CCD2A2B911C7F00DB6610 /* swift_click_appUITests.swift */,
				3E9CCD2C2B911C7F00DB6610 /* swift_click_appUITestsLaunchTests.swift */,
			);
			path = swift_click_appUITests;
			sourceTree = "<group>";
		};
/* End PBXGroup section */

/* Begin PBXNativeTarget section */
		3E9CCD0A2B911C7D00DB6610 /* swift_click_app */ = {
			isa = PBXNativeTarget;
			buildConfigurationList = 3E9CCD302B911C7F00DB6610 /* Build configuration list for PBXNativeTarget "swift_click_app" */;
			buildPhases = (
				3E9CCD072B911C7D00DB6610 /* Sources */,
				3E9CCD082B911C7D00DB6610 /* Frameworks */,
				3E9CCD092B911C7D00DB6610 /* Resources */,
			);
			buildRules = (
			);
			dependencies = (
			);
			name = swift_click_app;
			productName = swift_click_app;
			productReference = 3E9CCD0B2B911C7D00DB6610 /* swift_click_app.app */;
			productType = "com.apple.product-type.application";
		};
		3E9CCD1B2B911C7F00DB6610 /* swift_click_appTests */ = {
			isa = PBXNativeTarget;
			buildConfigurationList = 3E9CCD332B911C7F00DB6610 /* Build configuration list for PBXNativeTarget "swift_click_appTests" */;
			buildPhases = (
				3E9CCD182B911C7F00DB6610 /* Sources */,
				3E9CCD192B911C7F00DB6610 /* Frameworks */,
				3E9CCD1A2B911C7F00DB6610 /* Resources */,
			);
			buildRules = (
			);
			dependencies = (
				3E9CCD1E2B911C7F00DB6610 /* PBXTargetDependency */,
			);
			name = swift_click_appTests;
			productName = swift_click_appTests;
			productReference = 3E9CCD1C2B911C7F00DB6610 /* swift_click_appTests.xctest */;
			productType = "com.apple.product-type.bundle.unit-test";
		};
		3E9CCD252B911C7F00DB6610 /* swift_click_appUITests */ = {
			isa = PBXNativeTarget;
			buildConfigurationList = 3E9CCD362B911C7F00DB6610 /* Build configuration list for PBXNativeTarget "swift_click_appUITests" */;
			buildPhases = (
				3E9CCD222B911C7F00DB6610 /* Sources */,
				3E9CCD232B911C7F00DB6610 /* Frameworks */,
				3E9CCD242B911C7F00DB6610 /* Resources */,
			);
			buildRules = (
			);
			dependencies = (
				3E9CCD282B911C7F00DB6610 /* PBXTargetDependency */,
			);
			name = swift_click_appUITests;
			productName = swift_click_appUITests;
			productReference = 3E9CCD262B911C7F00DB6610 /* swift_click_appUITests.xctest */;
			productType = "com.apple.product-type.bundle.ui-testing";
		};
/* End PBXNativeTarget section */

/* Begin PBXProject section */
		3E9CCD032B911C7D00DB6610 /* Project object */ = {
			isa = PBXProject;
			attributes = {
				BuildIndependentTargetsInParallel = 1;
				LastSwiftUpdateCheck = 1520;
				LastUpgradeCheck = 1520;
				TargetAttributes = {
					3E9CCD0A2B911C7D00DB6610 = {
						CreatedOnToolsVersion = 15.2;
					};
					3E9CCD1B2B911C7F00DB6610 = {
						CreatedOnToolsVersion = 15.2;
						TestTargetID = 3E9CCD0A2B911C7D00DB6610;
					};
					3E9CCD252B911C7F00DB6610 = {
						CreatedOnToolsVersion = 15.2;
						TestTargetID = 3E9CCD0A2B911C7D00DB6610;
					};
				};
			};
			buildConfigurationList = 3E9CCD062B911C7D00DB6610 /* Build configuration list for PBXProject "swift_click_app" */;
			compatibilityVersion = "Xcode 14.0";
			developmentRegion = en;
			hasScannedForEncodings = 0;
			knownRegions = (
				en,
				Base,
			);
			mainGroup = 3E9CCD022B911C7D00DB6610;
			productRefGroup = 3E9CCD0C2B911C7D00DB6610 /* Products */;
			projectDirPath = "";
			projectRoot = "";
			targets = (
				3E9CCD0A2B911C7D00DB6610 /* swift_click_app */,
				3E9CCD1B2B911C7F00DB6610 /* swift_click_appTests */,
				3E9CCD252B911C7F00DB6610 /* swift_click_appUITests */,
			);
		};
/* End PBXProject section */

/* Begin PBXResourcesBuildPhase section */
		3E9CCD092B911C7D00DB6610 /* Resources */ = {
			isa = PBXResourcesBuildPhase;
			buildActionMask = 2147483647;
			files = (
				3E9CCD172B911C7F00DB6610 /* Preview Assets.xcassets in Resources */,
				3E9CCD132B911C7F00DB6610 /* Assets.xcassets in Resources */,
			);
			runOnlyForDeploymentPostprocessing = 0;
		};
		3E9CCD1A2B911C7F00DB6610 /* Resources */ = {
			isa = PBXResourcesBuildPhase;
			buildActionMask = 2147483647;
			files = (
			);
			runOnlyForDeploymentPostprocessing = 0;
		};
		3E9CCD242B911C7F00DB6610 /* Resources */ = {
			isa = PBXResourcesBuildPhase;
			buildActionMask = 2147483647;
			files = (
			);
			runOnlyForDeploymentPostprocessing = 0;
		};
/* End PBXResourcesBuildPhase section */

/* Begin PBXSourcesBuildPhase section */
		3E9CCD072B911C7D00DB6610 /* Sources */ = {
			isa = PBXSourcesBuildPhase;
			buildActionMask = 2147483647;
			files = (
				3E9CCD112B911C7D00DB6610 /* ContentView.swift in Sources */,
				3E9CCD0F2B911C7D00DB6610 /* swift_click_appApp.swift in Sources */,
			);
			runOnlyForDeploymentPostprocessing = 0;
		};
		3E9CCD182B911C7F00DB6610 /* Sources */ = {
			isa = PBXSourcesBuildPhase;
			buildActionMask = 2147483647;
			files = (
				3E9CCD212B911C7F00DB6610 /* swift_click_appTests.swift in Sources */,
			);
			runOnlyForDeploymentPostprocessing = 0;
		};
		3E9CCD222B911C7F00DB6610 /* Sources */ = {
			isa = PBXSourcesBuildPhase;
			buildActionMask = 2147483647;
			files = (
				3E9CCD2B2B911C7F00DB6610 /* swift_click_appUITests.swift in Sources */,
				3E9CCD2D2B911C7F00DB6610 /* swift_click_appUITestsLaunchTests.swift in Sources */,
			);
			runOnlyForDeploymentPostprocessing = 0;
		};
/* End PBXSourcesBuildPhase section */

/* Begin PBXTargetDependency section */
		3E9CCD1E2B911C7F00DB6610 /* PBXTargetDependency */ = {
			isa = PBXTargetDependency;
			target = 3E9CCD0A2B911C7D00DB6610 /* swift_click_app */;
			targetProxy = 3E9CCD1D2B911C7F00DB6610 /* PBXContainerItemProxy */;
		};
		3E9CCD282B911C7F00DB6610 /* PBXTargetDependency */ = {
			isa = PBXTargetDependency;
			target = 3E9CCD0A2B911C7D00DB6610 /* swift_click_app */;
			targetProxy = 3E9CCD272B911C7F00DB6610 /* PBXContainerItemProxy */;
		};
/* End PBXTargetDependency section */

/* Begin XCBuildConfiguration section */
		3E9CCD2E2B911C7F00DB6610 /* Debug */ = {
			isa = XCBuildConfiguration;
			buildSettings = {
				ALWAYS_SEARCH_USER_PATHS = NO;
				ASSETCATALOG_COMPILER_GENERATE_SWIFT_ASSET_SYMBOL_EXTENSIONS = YES;
				CLANG_ANALYZER_NONNULL = YES;
				CLANG_ANALYZER_NUMBER_OBJECT_CONVERSION = YES_AGGRESSIVE;
				CLANG_CXX_LANGUAGE_STANDARD = "gnu++20";
				CLANG_ENABLE_MODULES = YES;
				CLANG_ENABLE_OBJC_ARC = YES;
				CLANG_ENABLE_OBJC_WEAK = YES;
				CLANG_WARN_BLOCK_CAPTURE_AUTORELEASING = YES;
				CLANG_WARN_BOOL_CONVERSION = YES;
				CLANG_WARN_COMMA = YES;
				CLANG_WARN_CONSTANT_CONVERSION = YES;
				CLANG_WARN_DEPRECATED_OBJC_IMPLEMENTATIONS = YES;
				CLANG_WARN_DIRECT_OBJC_ISA_USAGE = YES_ERROR;
				CLANG_WARN_DOCUMENTATION_COMMENTS = YES;
				CLANG_WARN_EMPTY_BODY = YES;
				CLANG_WARN_ENUM_CONVERSION = YES;
				CLANG_WARN_INFINITE_RECURSION = YES;
				CLANG_WARN_INT_CONVERSION = YES;
				CLANG_WARN_NON_LITERAL_NULL_CONVERSION = YES;
				CLANG_WARN_OBJC_IMPLICIT_RETAIN_SELF = YES;
				CLANG_WARN_OBJC_LITERAL_CONVERSION = YES;
				CLANG_WARN_OBJC_ROOT_CLASS = YES_ERROR;
				CLANG_WARN_QUOTED_INCLUDE_IN_FRAMEWORK_HEADER = YES;
				CLANG_WARN_RANGE_LOOP_ANALYSIS = YES;
				CLANG_WARN_STRICT_PROTOTYPES = YES;
				CLANG_WARN_SUSPICIOUS_MOVE = YES;
				CLANG_WARN_UNGUARDED_AVAILABILITY = YES_AGGRESSIVE;
				CLANG_WARN_UNREACHABLE_CODE = YES;
				CLANG_WARN__DUPLICATE_METHOD_MATCH = YES;
				COPY_PHASE_STRIP = NO;
				DEBUG_INFORMATION_FORMAT = dwarf;
				ENABLE_STRICT_OBJC_MSGSEND = YES;
				ENABLE_TESTABILITY = YES;
				ENABLE_USER_SCRIPT_SANDBOXING = YES;
				GCC_C_LANGUAGE_STANDARD = gnu17;
				GCC_DYNAMIC_NO_PIC = NO;
				GCC_NO_COMMON_BLOCKS = YES;
				GCC_OPTIMIZATION_LEVEL = 0;
				GCC_PREPROCESSOR_DEFINITIONS = (
					"DEBUG=1",
					"$(inherited)",
				);
				GCC_WARN_64_TO_32_BIT_CONVERSION = YES;
				GCC_WARN_ABOUT_RETURN_TYPE = YES_ERROR;
				GCC_WARN_UNDECLARED_SELECTOR = YES;
				GCC_WARN_UNINITIALIZED_AUTOS = YES_AGGRESSIVE;
				GCC_WARN_UNUSED_FUNCTION = YES;
				GCC_WARN_UNUSED_VARIABLE = YES;
				LOCALIZATION_PREFERS_STRING_CATALOGS = YES;
				MTL_ENABLE_DEBUG_INFO = INCLUDE_SOURCE;
				MTL_FAST_MATH = YES;
				ONLY_ACTIVE_ARCH = YES;
				SWIFT_ACTIVE_COMPILATION_CONDITIONS = "DEBUG $(inherited)";
				SWIFT_OPTIMIZATION_LEVEL = "-Onone";
			};
			name = Debug;
		};
		3E9CCD2F2B911C7F00DB6610 /* Release */ = {
			isa = XCBuildConfiguration;
			buildSettings = {
				ALWAYS_SEARCH_USER_PATHS = NO;
				ASSETCATALOG_COMPILER_GENERATE_SWIFT_ASSET_SYMBOL_EXTENSIONS = YES;
				CLANG_ANALYZER_NONNULL = YES;
				CLANG_ANALYZER_NUMBER_OBJECT_CONVERSION = YES_AGGRESSIVE;
				CLANG_CXX_LANGUAGE_STANDARD = "gnu++20";
				CLANG_ENABLE_MODULES = YES;
				CLANG_ENABLE_OBJC_ARC = YES;
				CLANG_ENABLE_OBJC_WEAK = YES;
				CLANG_WARN_BLOCK_CAPTURE_AUTORELEASING = YES;
				CLANG_WARN_BOOL_CONVERSION = YES;
				CLANG_WARN_COMMA = YES;
				CLANG_WARN_CONSTANT_CONVERSION = YES;
				CLANG_WARN_DEPRECATED_OBJC_IMPLEMENTATIONS = YES;
				CLANG_WARN_DIRECT_OBJC_ISA_USAGE = YES_ERROR;
				CLANG_WARN_DOCUMENTATION_COMMENTS = YES;
				CLANG_WARN_EMPTY_BODY = YES;
				CLANG_WARN_ENUM_CONVERSION = YES;
				CLANG_WARN_INFINITE_RECURSION = YES;
				CLANG_WARN_INT_CONVERSION = YES;
				CLANG_WARN_NON_LITERAL_NULL_CONVERSION = YES;
				CLANG_WARN_OBJC_IMPLICIT_RETAIN_SELF = YES;
				CLANG_WARN_OBJC_LITERAL_CONVERSION = YES;
				CLANG_WARN_OBJC_ROOT_CLASS = YES_ERROR;
				CLANG_WARN_QUOTED_INCLUDE_IN_FRAMEWORK_HEADER = YES;
				CLANG_WARN_RANGE_LOOP_ANALYSIS = YES;
				CLANG_WARN_STRICT_PROTOTYPES = YES;
				CLANG_WARN_SUSPICIOUS_MOVE = YES;
				CLANG_WARN_UNGUARDED_AVAILABILITY = YES_AGGRESSIVE;
				CLANG_WARN_UNREACHABLE_CODE = YES;
				CLANG_WARN__DUPLICATE_METHOD_MATCH = YES;
				COPY_PHASE_STRIP = NO;
				DEBUG_INFORMATION_FORMAT = "dwarf-with-dsym";
				ENABLE_NS_ASSERTIONS = NO;
				ENABLE_STRICT_OBJC_MSGSEND = YES;
				ENABLE_USER_SCRIPT_SANDBOXING = YES;
				GCC_C_LANGUAGE_STANDARD = gnu17;
				GCC_NO_COMMON_BLOCKS = YES;
				GCC_WARN_64_TO_32_BIT_CONVERSION = YES;
				GCC_WARN_ABOUT_RETURN_TYPE = YES_ERROR;
				GCC_WARN_UNDECLARED_SELECTOR = YES;
				GCC_WARN_UNINITIALIZED_AUTOS = YES_AGGRESSIVE;
				GCC_WARN_UNUSED_FUNCTION = YES;
				GCC_WARN_UNUSED_VARIABLE = YES;
				LOCALIZATION_PREFERS_STRING_CATALOGS = YES;
				MTL_ENABLE_DEBUG_INFO = NO;
				MTL_FAST_MATH = YES;
				SWIFT_COMPILATION_MODE = wholemodule;
			};
			name = Release;
		};
		3E9CCD312B911C7F00DB6610 /* Debug */ = {
			isa = XCBuildConfiguration;
			buildSettings = {
				ASSETCATALOG_COMPILER_APPICON_NAME = AppIcon;
				ASSETCATALOG_COMPILER_GLOBAL_ACCENT_COLOR_NAME = AccentColor;
				CODE_SIGN_ENTITLEMENTS = swift_click_app/swift_click_app.entitlements;
				CODE_SIGN_STYLE = Automatic;
				CURRENT_PROJECT_VERSION = 1;
				DEVELOPMENT_ASSET_PATHS = "\"swift_click_app/Preview Content\"";
				ENABLE_PREVIEWS = YES;
				GENERATE_INFOPLIST_FILE = YES;
				"INFOPLIST_KEY_UIApplicationSceneManifest_Generation[sdk=iphoneos*]" = YES;
				"INFOPLIST_KEY_UIApplicationSceneManifest_Generation[sdk=iphonesimulator*]" = YES;
				"INFOPLIST_KEY_UIApplicationSupportsIndirectInputEvents[sdk=iphoneos*]" = YES;
				"INFOPLIST_KEY_UIApplicationSupportsIndirectInputEvents[sdk=iphonesimulator*]" = YES;
				"INFOPLIST_KEY_UILaunchScreen_Generation[sdk=iphoneos*]" = YES;
				"INFOPLIST_KEY_UILaunchScreen_Generation[sdk=iphonesimulator*]" = YES;
				"INFOPLIST_KEY_UIStatusBarStyle[sdk=iphoneos*]" = UIStatusBarStyleDefault;
				"INFOPLIST_KEY_UIStatusBarStyle[sdk=iphonesimulator*]" = UIStatusBarStyleDefault;
				INFOPLIST_KEY_UISupportedInterfaceOrientations_iPad = "UIInterfaceOrientationPortrait UIInterfaceOrientationPortraitUpsideDown UIInterfaceOrientationLandscapeLeft UIInterfaceOrientationLandscapeRight";
				INFOPLIST_KEY_UISupportedInterfaceOrientations_iPhone = "UIInterfaceOrientationPortrait UIInterfaceOrientationLandscapeLeft UIInterfaceOrientationLandscapeRight";
				IPHONEOS_DEPLOYMENT_TARGET = 17.2;
				LD_RUNPATH_SEARCH_PATHS = "@executable_path/Frameworks";
				"LD_RUNPATH_SEARCH_PATHS[sdk=macosx*]" = "@executable_path/../Frameworks";
				MACOSX_DEPLOYMENT_TARGET = 14.2;
				MARKETING_VERSION = 1.0;
				PRODUCT_BUNDLE_IDENTIFIER = "Jaguar-Works.swift-click-app";
				PRODUCT_NAME = "$(TARGET_NAME)";
				SDKROOT = auto;
				SUPPORTED_PLATFORMS = "iphoneos iphonesimulator macosx";
				SWIFT_EMIT_LOC_STRINGS = YES;
				SWIFT_VERSION = 5.0;
				TARGETED_DEVICE_FAMILY = "1,2";
			};
			name = Debug;
		};
		3E9CCD322B911C7F00DB6610 /* Release */ = {
			isa = XCBuildConfiguration;
			buildSettings = {
				ASSETCATALOG_COMPILER_APPICON_NAME = AppIcon;
				ASSETCATALOG_COMPILER_GLOBAL_ACCENT_COLOR_NAME = AccentColor;
				CODE_SIGN_ENTITLEMENTS = swift_click_app/swift_click_app.entitlements;
				CODE_SIGN_STYLE = Automatic;
				CURRENT_PROJECT_VERSION = 1;
				DEVELOPMENT_ASSET_PATHS = "\"swift_click_app/Preview Content\"";
				ENABLE_PREVIEWS = YES;
				GENERATE_INFOPLIST_FILE = YES;
				"INFOPLIST_KEY_UIApplicationSceneManifest_Generation[sdk=iphoneos*]" = YES;
				"INFOPLIST_KEY_UIApplicationSceneManifest_Generation[sdk=iphonesimulator*]" = YES;
				"INFOPLIST_KEY_UIApplicationSupportsIndirectInputEvents[sdk=iphoneos*]" = YES;
				"INFOPLIST_KEY_UIApplicationSupportsIndirectInputEvents[sdk=iphonesimulator*]" = YES;
				"INFOPLIST_KEY_UILaunchScreen_Generation[sdk=iphoneos*]" = YES;
				"INFOPLIST_KEY_UILaunchScreen_Generation[sdk=iphonesimulator*]" = YES;
				"INFOPLIST_KEY_UIStatusBarStyle[sdk=iphoneos*]" = UIStatusBarStyleDefault;
				"INFOPLIST_KEY_UIStatusBarStyle[sdk=iphonesimulator*]" = UIStatusBarStyleDefault;
				INFOPLIST_KEY_UISupportedInterfaceOrientations_iPad = "UIInterfaceOrientationPortrait UIInterfaceOrientationPortraitUpsideDown UIInterfaceOrientationLandscapeLeft UIInterfaceOrientationLandscapeRight";
				INFOPLIST_KEY_UISupportedInterfaceOrientations_iPhone = "UIInterfaceOrientationPortrait UIInterfaceOrientationLandscapeLeft UIInterfaceOrientationLandscapeRight";
				IPHONEOS_DEPLOYMENT_TARGET = 17.2;
				LD_RUNPATH_SEARCH_PATHS = "@executable_path/Frameworks";
				"LD_RUNPATH_SEARCH_PATHS[sdk=macosx*]" = "@executable_path/../Frameworks";
				MACOSX_DEPLOYMENT_TARGET = 14.2;
				MARKETING_VERSION = 1.0;
				PRODUCT_BUNDLE_IDENTIFIER = "Jaguar-Works.swift-click-app";
				PRODUCT_NAME = "$(TARGET_NAME)";
				SDKROOT = auto;
				SUPPORTED_PLATFORMS = "iphoneos iphonesimulator macosx";
				SWIFT_EMIT_LOC_STRINGS = YES;
				SWIFT_VERSION = 5.0;
				TARGETED_DEVICE_FAMILY = "1,2";
			};
			name = Release;
		};
		3E9CCD342B911C7F00DB6610 /* Debug */ = {
			isa = XCBuildConfiguration;
			buildSettings = {
				ALWAYS_EMBED_SWIFT_STANDARD_LIBRARIES = YES;
				BUNDLE_LOADER = "$(TEST_HOST)";
				CODE_SIGN_STYLE = Automatic;
				CURRENT_PROJECT_VERSION = 1;
				GENERATE_INFOPLIST_FILE = YES;
				IPHONEOS_DEPLOYMENT_TARGET = 17.2;
				MACOSX_DEPLOYMENT_TARGET = 14.2;
				MARKETING_VERSION = 1.0;
				PRODUCT_BUNDLE_IDENTIFIER = "Jaguar-Works.swift-click-appTests";
				PRODUCT_NAME = "$(TARGET_NAME)";
				SDKROOT = auto;
				SUPPORTED_PLATFORMS = "iphoneos iphonesimulator macosx";
				SWIFT_EMIT_LOC_STRINGS = NO;
				SWIFT_VERSION = 5.0;
				TARGETED_DEVICE_FAMILY = "1,2";
				TEST_HOST = "$(BUILT_PRODUCTS_DIR)/swift_click_app.app/$(BUNDLE_EXECUTABLE_FOLDER_PATH)/swift_click_app";
			};
			name = Debug;
		};
		3E9CCD352B911C7F00DB6610 /* Release */ = {
			isa = XCBuildConfiguration;
			buildSettings = {
				ALWAYS_EMBED_SWIFT_STANDARD_LIBRARIES = YES;
				BUNDLE_LOADER = "$(TEST_HOST)";
				CODE_SIGN_STYLE = Automatic;
				CURRENT_PROJECT_VERSION = 1;
				GENERATE_INFOPLIST_FILE = YES;
				IPHONEOS_DEPLOYMENT_TARGET = 17.2;
				MACOSX_DEPLOYMENT_TARGET = 14.2;
				MARKETING_VERSION = 1.0;
				PRODUCT_BUNDLE_IDENTIFIER = "Jaguar-Works.swift-click-appTests";
				PRODUCT_NAME = "$(TARGET_NAME)";
				SDKROOT = auto;
				SUPPORTED_PLATFORMS = "iphoneos iphonesimulator macosx";
				SWIFT_EMIT_LOC_STRINGS = NO;
				SWIFT_VERSION = 5.0;
				TARGETED_DEVICE_FAMILY = "1,2";
				TEST_HOST = "$(BUILT_PRODUCTS_DIR)/swift_click_app.app/$(BUNDLE_EXECUTABLE_FOLDER_PATH)/swift_click_app";
			};
			name = Release;
		};
		3E9CCD372B911C7F00DB6610 /* Debug */ = {
			isa = XCBuildConfiguration;
			buildSettings = {
				ALWAYS_EMBED_SWIFT_STANDARD_LIBRARIES = YES;
				CODE_SIGN_STYLE = Automatic;
				CURRENT_PROJECT_VERSION = 1;
				GENERATE_INFOPLIST_FILE = YES;
				IPHONEOS_DEPLOYMENT_TARGET = 17.2;
				MACOSX_DEPLOYMENT_TARGET = 14.2;
				MARKETING_VERSION = 1.0;
				PRODUCT_BUNDLE_IDENTIFIER = "Jaguar-Works.swift-click-appUITests";
				PRODUCT_NAME = "$(TARGET_NAME)";
				SDKROOT = auto;
				SUPPORTED_PLATFORMS = "iphoneos iphonesimulator macosx";
				SWIFT_EMIT_LOC_STRINGS = NO;
				SWIFT_VERSION = 5.0;
				TARGETED_DEVICE_FAMILY = "1,2";
				TEST_TARGET_NAME = swift_click_app;
			};
			name = Debug;
		};
		3E9CCD382B911C7F00DB6610 /* Release */ = {
			isa = XCBuildConfiguration;
			buildSettings = {
				ALWAYS_EMBED_SWIFT_STANDARD_LIBRARIES = YES;
				CODE_SIGN_STYLE = Automatic;
				CURRENT_PROJECT_VERSION = 1;
				GENERATE_INFOPLIST_FILE = YES;
				IPHONEOS_DEPLOYMENT_TARGET = 17.2;
				MACOSX_DEPLOYMENT_TARGET = 14.2;
				MARKETING_VERSION = 1.0;
				PRODUCT_BUNDLE_IDENTIFIER = "Jaguar-Works.swift-click-appUITests";
				PRODUCT_NAME = "$(TARGET_NAME)";
				SDKROOT = auto;
				SUPPORTED_PLATFORMS = "iphoneos iphonesimulator macosx";
				SWIFT_EMIT_LOC_STRINGS = NO;
				SWIFT_VERSION = 5.0;
				TARGETED_DEVICE_FAMILY = "1,2";
				TEST_TARGET_NAME = swift_click_app;
			};
			name = Release;
		};
/* End XCBuildConfiguration section */

/* Begin XCConfigurationList section */
		3E9CCD062B911C7D00DB6610 /* Build configuration list for PBXProject "swift_click_app" */ = {
			isa = XCConfigurationList;
			buildConfigurations = (
				3E9CCD2E2B911C7F00DB6610 /* Debug */,
				3E9CCD2F2B911C7F00DB6610 /* Release */,
			);
			defaultConfigurationIsVisible = 0;
			defaultConfigurationName = Release;
		};
		3E9CCD302B911C7F00DB6610 /* Build configuration list for PBXNativeTarget "swift_click_app" */ = {
			isa = XCConfigurationList;
			buildConfigurations = (
				3E9CCD312B911C7F00DB6610 /* Debug */,
				3E9CCD322B911C7F00DB6610 /* Release */,
			);
			defaultConfigurationIsVisible = 0;
			defaultConfigurationName = Release;
		};
		3E9CCD332B911C7F00DB6610 /* Build configuration list for PBXNativeTarget "swift_click_appTests" */ = {
			isa = XCConfigurationList;
			buildConfigurations = (
				3E9CCD342B911C7F00DB6610 /* Debug */,
				3E9CCD352B911C7F00DB6610 /* Release */,
			);
			defaultConfigurationIsVisible = 0;
			defaultConfigurationName = Release;
		};
		3E9CCD362B911C7F00DB6610 /* Build configuration list for PBXNativeTarget "swift_click_appUITests" */ = {
			isa = XCConfigurationList;
			buildConfigurations = (
				3E9CCD372B911C7F00DB6610 /* Debug */,
				3E9CCD382B911C7F00DB6610 /* Release */,
			);
			defaultConfigurationIsVisible = 0;
			defaultConfigurationName = Release;
		};
/* End XCConfigurationList section */
	};
	rootObject = 3E9CCD032B911C7D00DB6610 /* Project object */;
}
